<Solution>
  <Folder Name="/Application/">
    <Project Path="Application/Blog.Application/Blog.Application.csproj" />
  </Folder>
  <Folder Name="/Domain/">
    <Project Path="Domain/Blog.Domain/Blog.Domain.csproj" />
  </Folder>
  <Folder Name="/Infrastructure/">
    <Project Path="Infrastructure/Blog.Infrastructure/Blog.Infrastructure.csproj" />
  </Folder>
  <Folder Name="/Presentation/">
    <Project Path="Presentation/Blog.Api/Blog.Api.csproj" />
  </Folder>
</Solution>
